// !$*UTF8*$!
{
	archiveVersion = 1;
	classes = {
	};
	objectVersion = 56;
	objects = {

/* Begin PBXBuildFile section */
		7D0587312AA3C828001D0A5E /* SearchService.swift in Sources */ = {isa = PBXBuildFile; fileRef = 7D0587302AA3C828001D0A5E /* SearchService.swift */; };
		7D0596EF2A705D970026FB87 /* SearchCellHeader.swift in Sources */ = {isa = PBXBuildFile; fileRef = 7D0596EE2A705D970026FB87 /* SearchCellHeader.swift */; };
		7D0F9A722AB23BA600A51143 /* String+Extension.swift in Sources */ = {isa = PBXBuildFile; fileRef = 7D0F9A712AB23BA600A51143 /* String+Extension.swift */; };
		7D1A10532A93773100A48C48 /* HomeViewModelTest.swift in Sources */ = {isa = PBXBuildFile; fileRef = 7D1A10522A93773100A48C48 /* HomeViewModelTest.swift */; };
		7D1A10552A937B5500A48C48 /* MockHomeViewController.swift in Sources */ = {isa = PBXBuildFile; fileRef = 7D1A10542A937B5500A48C48 /* MockHomeViewController.swift */; };
		7D1A10572A93849200A48C48 /* MockHomePageService.swift in Sources */ = {isa = PBXBuildFile; fileRef = 7D1A10562A93849200A48C48 /* MockHomePageService.swift */; };
		7D39AE192A73EC25009791C8 /* ChatTextView.swift in Sources */ = {isa = PBXBuildFile; fileRef = 7D39AE182A73EC25009791C8 /* ChatTextView.swift */; };
		7D3DBABE2AA0E0CC00C01A43 /* SearchViewModel.swift in Sources */ = {isa = PBXBuildFile; fileRef = 7D3DBABD2AA0E0CC00C01A43 /* SearchViewModel.swift */; };
		7D3DBAC62AA3636200C01A43 /* Service.swift in Sources */ = {isa = PBXBuildFile; fileRef = 7D3DBAC52AA3636200C01A43 /* Service.swift */; };
		7D47B3662AA4D53D00EC1CD5 /* ResultArtistCollectionViewCell.swift in Sources */ = {isa = PBXBuildFile; fileRef = 7D47B3652AA4D53D00EC1CD5 /* ResultArtistCollectionViewCell.swift */; };
		7D47B3682AA4E06D00EC1CD5 /* LayoutBuilder.swift in Sources */ = {isa = PBXBuildFile; fileRef = 7D47B3672AA4E06D00EC1CD5 /* LayoutBuilder.swift */; };
		7D50693B2A6D305E00EB053B /* ArtistTableViewCell.swift in Sources */ = {isa = PBXBuildFile; fileRef = 7D50693A2A6D305E00EB053B /* ArtistTableViewCell.swift */; };
		7D50693E2A6D7C3B00EB053B /* ArtistDetailViewController.swift in Sources */ = {isa = PBXBuildFile; fileRef = 7D50693D2A6D7C3B00EB053B /* ArtistDetailViewController.swift */; };
		7D5069402A6D7CD600EB053B /* ArtistDetailView.swift in Sources */ = {isa = PBXBuildFile; fileRef = 7D50693F2A6D7CD600EB053B /* ArtistDetailView.swift */; };
		7D5B24352AAF496900602094 /* UITextField+Extension.swift in Sources */ = {isa = PBXBuildFile; fileRef = 7D5B24342AAF496900602094 /* UITextField+Extension.swift */; };
		7D5B24392AAF6AE000602094 /* User.swift in Sources */ = {isa = PBXBuildFile; fileRef = 7D5B24382AAF6AE000602094 /* User.swift */; };
		7D5B243B2AAF6B9A00602094 /* LoginService.swift in Sources */ = {isa = PBXBuildFile; fileRef = 7D5B243A2AAF6B9A00602094 /* LoginService.swift */; };
		7D5B243D2AAF97E800602094 /* RegisterService.swift in Sources */ = {isa = PBXBuildFile; fileRef = 7D5B243C2AAF97E800602094 /* RegisterService.swift */; };
		7D63F4382A9D203F00A7799B /* ArtistDetailTest.swift in Sources */ = {isa = PBXBuildFile; fileRef = 7D63F4372A9D203F00A7799B /* ArtistDetailTest.swift */; };
		7D63F43A2A9D209D00A7799B /* MockArtistDetailService.swift in Sources */ = {isa = PBXBuildFile; fileRef = 7D63F4392A9D209D00A7799B /* MockArtistDetailService.swift */; };
		7D63F43C2A9D257200A7799B /* MockArtistDetailViewController.swift in Sources */ = {isa = PBXBuildFile; fileRef = 7D63F43B2A9D257200A7799B /* MockArtistDetailViewController.swift */; };
		7D7842632AB1F663005604F2 /* ProfileService.swift in Sources */ = {isa = PBXBuildFile; fileRef = 7D7842622AB1F663005604F2 /* ProfileService.swift */; };
		7D7AB9A12A9215DB00F02613 /* HomeViewModel.swift in Sources */ = {isa = PBXBuildFile; fileRef = 7D7AB9A02A9215DB00F02613 /* HomeViewModel.swift */; };
		7D7AB9AF2A923A1600F02613 /* NetworkManager.swift in Sources */ = {isa = PBXBuildFile; fileRef = 7D7AB9AE2A923A1600F02613 /* NetworkManager.swift */; };
		7D7AB9B12A923A5F00F02613 /* NetworkUtils.swift in Sources */ = {isa = PBXBuildFile; fileRef = 7D7AB9B02A923A5F00F02613 /* NetworkUtils.swift */; };
		7D7AB9B42A923BAF00F02613 /* Alamofire in Frameworks */ = {isa = PBXBuildFile; productRef = 7D7AB9B32A923BAF00F02613 /* Alamofire */; };
		7D7AB9BD2A92450A00F02613 /* ResultType.swift in Sources */ = {isa = PBXBuildFile; fileRef = 7D7AB9BC2A92450A00F02613 /* ResultType.swift */; };
		7D7AB9BF2A9250A900F02613 /* RequestType.swift in Sources */ = {isa = PBXBuildFile; fileRef = 7D7AB9BE2A9250A900F02613 /* RequestType.swift */; };
		7D7AB9C12A9267D100F02613 /* HomePageService.swift in Sources */ = {isa = PBXBuildFile; fileRef = 7D7AB9C02A9267D100F02613 /* HomePageService.swift */; };
		7D7AB9C42A929EF700F02613 /* Kingfisher in Frameworks */ = {isa = PBXBuildFile; productRef = 7D7AB9C32A929EF700F02613 /* Kingfisher */; };
		7D7D54352AAA008A002EF101 /* MessageUIView.swift in Sources */ = {isa = PBXBuildFile; fileRef = 7D7D54342AAA0089002EF101 /* MessageUIView.swift */; };
		7DA6590C2A9CA9E00067E9E6 /* ArtistDetailViewModel.swift in Sources */ = {isa = PBXBuildFile; fileRef = 7DA6590B2A9CA9E00067E9E6 /* ArtistDetailViewModel.swift */; };
		7DA6590E2A9CB0C50067E9E6 /* Comment.swift in Sources */ = {isa = PBXBuildFile; fileRef = 7DA6590D2A9CB0C50067E9E6 /* Comment.swift */; };
		7DA659102A9CDDB70067E9E6 /* ArtistDetilService.swift in Sources */ = {isa = PBXBuildFile; fileRef = 7DA6590F2A9CDDB70067E9E6 /* ArtistDetilService.swift */; };
		7DA659122A9CDE700067E9E6 /* ArtistDetail.swift in Sources */ = {isa = PBXBuildFile; fileRef = 7DA659112A9CDE700067E9E6 /* ArtistDetail.swift */; };
		7DA993272A6AC0C20053B022 /* AppDelegate.swift in Sources */ = {isa = PBXBuildFile; fileRef = 7DA993262A6AC0C20053B022 /* AppDelegate.swift */; };
		7DA993292A6AC0C20053B022 /* SceneDelegate.swift in Sources */ = {isa = PBXBuildFile; fileRef = 7DA993282A6AC0C20053B022 /* SceneDelegate.swift */; };
		7DA9932B2A6AC0C20053B022 /* HomeViewController.swift in Sources */ = {isa = PBXBuildFile; fileRef = 7DA9932A2A6AC0C20053B022 /* HomeViewController.swift */; };
		7DA993302A6AC0C30053B022 /* Assets.xcassets in Resources */ = {isa = PBXBuildFile; fileRef = 7DA9932F2A6AC0C30053B022 /* Assets.xcassets */; };
		7DA993332A6AC0C30053B022 /* LaunchScreen.storyboard in Resources */ = {isa = PBXBuildFile; fileRef = 7DA993312A6AC0C30053B022 /* LaunchScreen.storyboard */; };
		7DA9933E2A6AC0C30053B022 /* SalonAppTests.swift in Sources */ = {isa = PBXBuildFile; fileRef = 7DA9933D2A6AC0C30053B022 /* SalonAppTests.swift */; };
		7DA993482A6AC0C30053B022 /* SalonAppUITests.swift in Sources */ = {isa = PBXBuildFile; fileRef = 7DA993472A6AC0C30053B022 /* SalonAppUITests.swift */; };
		7DA9934A2A6AC0C30053B022 /* SalonAppUITestsLaunchTests.swift in Sources */ = {isa = PBXBuildFile; fileRef = 7DA993492A6AC0C30053B022 /* SalonAppUITestsLaunchTests.swift */; };
		7DA993592A6ACD980053B022 /* MainTabbarViewController.swift in Sources */ = {isa = PBXBuildFile; fileRef = 7DA993582A6ACD980053B022 /* MainTabbarViewController.swift */; };
		7DA9935C2A6ACE860053B022 /* HomeHeaderView.swift in Sources */ = {isa = PBXBuildFile; fileRef = 7DA9935B2A6ACE860053B022 /* HomeHeaderView.swift */; };
		7DA9935F2A6ACF030053B022 /* SnapKit in Frameworks */ = {isa = PBXBuildFile; productRef = 7DA9935E2A6ACF030053B022 /* SnapKit */; };
		7DADAE4B2A7544C40040BCDC /* LoginViewController.swift in Sources */ = {isa = PBXBuildFile; fileRef = 7DADAE4A2A7544C40040BCDC /* LoginViewController.swift */; };
		7DADAE4D2A7544D30040BCDC /* RegisterViewController.swift in Sources */ = {isa = PBXBuildFile; fileRef = 7DADAE4C2A7544D30040BCDC /* RegisterViewController.swift */; };
		7DB752FB2AA0B60600DD6548 /* BaseViewControllerProtocol.swift in Sources */ = {isa = PBXBuildFile; fileRef = 7DB752FA2AA0B60600DD6548 /* BaseViewControllerProtocol.swift */; };
		7DB780F12AA8D4F700A81572 /* MockSearchService.swift in Sources */ = {isa = PBXBuildFile; fileRef = 7DB780F02AA8D4F700A81572 /* MockSearchService.swift */; };
		7DB780F32AA8D5D000A81572 /* MockSearchViewController.swift in Sources */ = {isa = PBXBuildFile; fileRef = 7DB780F22AA8D5D000A81572 /* MockSearchViewController.swift */; };
		7DB780F52AA8E03700A81572 /* SearchViewModelTest.swift in Sources */ = {isa = PBXBuildFile; fileRef = 7DB780F42AA8E03700A81572 /* SearchViewModelTest.swift */; };
		7DC001892AAE098A001BD024 /* UserInfo.xcdatamodeld in Sources */ = {isa = PBXBuildFile; fileRef = 7DC001872AAE098A001BD024 /* UserInfo.xcdatamodeld */; };
		7DC0018F2AAE21F8001BD024 /* ProfileViewModel.swift in Sources */ = {isa = PBXBuildFile; fileRef = 7DC0018E2AAE21F8001BD024 /* ProfileViewModel.swift */; };
		7DC001912AAE3130001BD024 /* RegisterViewModel.swift in Sources */ = {isa = PBXBuildFile; fileRef = 7DC001902AAE3130001BD024 /* RegisterViewModel.swift */; };
		7DC001932AAE356F001BD024 /* LoginViewModel.swift in Sources */ = {isa = PBXBuildFile; fileRef = 7DC001922AAE356F001BD024 /* LoginViewModel.swift */; };
		7DC1B3A52AABA2F0008C3912 /* BookMarkListViewModel.swift in Sources */ = {isa = PBXBuildFile; fileRef = 7DC1B3A42AABA2F0008C3912 /* BookMarkListViewModel.swift */; };
		7DC1B3A72AABA612008C3912 /* BookMarkListService.swift in Sources */ = {isa = PBXBuildFile; fileRef = 7DC1B3A62AABA612008C3912 /* BookMarkListService.swift */; };
		7DC1B3AB2AABD1D9008C3912 /* BookMarkListArtist.swift in Sources */ = {isa = PBXBuildFile; fileRef = 7DC1B3AA2AABD1D9008C3912 /* BookMarkListArtist.swift */; };
		7DD2BCFA2A97591600FBE183 /* Artist.swift in Sources */ = {isa = PBXBuildFile; fileRef = 7DD2BCF92A97591600FBE183 /* Artist.swift */; };
		7DD3F0D42A6FDFF50018D0C4 /* SearchViewController.swift in Sources */ = {isa = PBXBuildFile; fileRef = 7DD3F0D32A6FDFF50018D0C4 /* SearchViewController.swift */; };
		7DD3F0D62A6FE0B20018D0C4 /* SearchHeaderView.swift in Sources */ = {isa = PBXBuildFile; fileRef = 7DD3F0D52A6FE0B20018D0C4 /* SearchHeaderView.swift */; };
		7DD3F0D82A6FEB4C0018D0C4 /* AllServiceCollectionViewCell.swift in Sources */ = {isa = PBXBuildFile; fileRef = 7DD3F0D72A6FEB4C0018D0C4 /* AllServiceCollectionViewCell.swift */; };
		7DE9A1892A824E7400A806E4 /* BookMarkViewController.swift in Sources */ = {isa = PBXBuildFile; fileRef = 7DE9A1882A824E7400A806E4 /* BookMarkViewController.swift */; };
		7DE9A18B2A8281E900A806E4 /* ProfileViewController.swift in Sources */ = {isa = PBXBuildFile; fileRef = 7DE9A18A2A8281E900A806E4 /* ProfileViewController.swift */; };
		7DFCB5FF2A6E82DA00109CB5 /* CommentTableViewCell.swift in Sources */ = {isa = PBXBuildFile; fileRef = 7DFCB5FE2A6E82DA00109CB5 /* CommentTableViewCell.swift */; };
/* End PBXBuildFile section */

/* Begin PBXContainerItemProxy section */
		7DA9933A2A6AC0C30053B022 /* PBXContainerItemProxy */ = {
			isa = PBXContainerItemProxy;
			containerPortal = 7DA9931B2A6AC0C20053B022 /* Project object */;
			proxyType = 1;
			remoteGlobalIDString = 7DA993222A6AC0C20053B022;
			remoteInfo = SalonApp;
		};
		7DA993442A6AC0C30053B022 /* PBXContainerItemProxy */ = {
			isa = PBXContainerItemProxy;
			containerPortal = 7DA9931B2A6AC0C20053B022 /* Project object */;
			proxyType = 1;
			remoteGlobalIDString = 7DA993222A6AC0C20053B022;
			remoteInfo = SalonApp;
		};
/* End PBXContainerItemProxy section */

/* Begin PBXFileReference section */
		7D0587302AA3C828001D0A5E /* SearchService.swift */ = {isa = PBXFileReference; lastKnownFileType = sourcecode.swift; path = SearchService.swift; sourceTree = "<group>"; };
		7D0596EE2A705D970026FB87 /* SearchCellHeader.swift */ = {isa = PBXFileReference; lastKnownFileType = sourcecode.swift; path = SearchCellHeader.swift; sourceTree = "<group>"; };
		7D0F9A712AB23BA600A51143 /* String+Extension.swift */ = {isa = PBXFileReference; lastKnownFileType = sourcecode.swift; path = "String+Extension.swift"; sourceTree = "<group>"; };
		7D1A10522A93773100A48C48 /* HomeViewModelTest.swift */ = {isa = PBXFileReference; lastKnownFileType = sourcecode.swift; path = HomeViewModelTest.swift; sourceTree = "<group>"; };
		7D1A10542A937B5500A48C48 /* MockHomeViewController.swift */ = {isa = PBXFileReference; lastKnownFileType = sourcecode.swift; path = MockHomeViewController.swift; sourceTree = "<group>"; };
		7D1A10562A93849200A48C48 /* MockHomePageService.swift */ = {isa = PBXFileReference; lastKnownFileType = sourcecode.swift; path = MockHomePageService.swift; sourceTree = "<group>"; };
		7D39AE182A73EC25009791C8 /* ChatTextView.swift */ = {isa = PBXFileReference; lastKnownFileType = sourcecode.swift; path = ChatTextView.swift; sourceTree = "<group>"; };
		7D3DBABD2AA0E0CC00C01A43 /* SearchViewModel.swift */ = {isa = PBXFileReference; lastKnownFileType = sourcecode.swift; path = SearchViewModel.swift; sourceTree = "<group>"; };
		7D3DBAC52AA3636200C01A43 /* Service.swift */ = {isa = PBXFileReference; lastKnownFileType = sourcecode.swift; path = Service.swift; sourceTree = "<group>"; };
		7D47B3652AA4D53D00EC1CD5 /* ResultArtistCollectionViewCell.swift */ = {isa = PBXFileReference; lastKnownFileType = sourcecode.swift; path = ResultArtistCollectionViewCell.swift; sourceTree = "<group>"; };
		7D47B3672AA4E06D00EC1CD5 /* LayoutBuilder.swift */ = {isa = PBXFileReference; lastKnownFileType = sourcecode.swift; path = LayoutBuilder.swift; sourceTree = "<group>"; };
		7D50693A2A6D305E00EB053B /* ArtistTableViewCell.swift */ = {isa = PBXFileReference; lastKnownFileType = sourcecode.swift; path = ArtistTableViewCell.swift; sourceTree = "<group>"; };
		7D50693D2A6D7C3B00EB053B /* ArtistDetailViewController.swift */ = {isa = PBXFileReference; lastKnownFileType = sourcecode.swift; path = ArtistDetailViewController.swift; sourceTree = "<group>"; };
		7D50693F2A6D7CD600EB053B /* ArtistDetailView.swift */ = {isa = PBXFileReference; lastKnownFileType = sourcecode.swift; path = ArtistDetailView.swift; sourceTree = "<group>"; };
		7D5B24342AAF496900602094 /* UITextField+Extension.swift */ = {isa = PBXFileReference; lastKnownFileType = sourcecode.swift; path = "UITextField+Extension.swift"; sourceTree = "<group>"; };
		7D5B24382AAF6AE000602094 /* User.swift */ = {isa = PBXFileReference; lastKnownFileType = sourcecode.swift; path = User.swift; sourceTree = "<group>"; };
		7D5B243A2AAF6B9A00602094 /* LoginService.swift */ = {isa = PBXFileReference; lastKnownFileType = sourcecode.swift; path = LoginService.swift; sourceTree = "<group>"; };
		7D5B243C2AAF97E800602094 /* RegisterService.swift */ = {isa = PBXFileReference; lastKnownFileType = sourcecode.swift; path = RegisterService.swift; sourceTree = "<group>"; };
		7D63F4372A9D203F00A7799B /* ArtistDetailTest.swift */ = {isa = PBXFileReference; lastKnownFileType = sourcecode.swift; path = ArtistDetailTest.swift; sourceTree = "<group>"; };
		7D63F4392A9D209D00A7799B /* MockArtistDetailService.swift */ = {isa = PBXFileReference; lastKnownFileType = sourcecode.swift; path = MockArtistDetailService.swift; sourceTree = "<group>"; };
		7D63F43B2A9D257200A7799B /* MockArtistDetailViewController.swift */ = {isa = PBXFileReference; lastKnownFileType = sourcecode.swift; path = MockArtistDetailViewController.swift; sourceTree = "<group>"; };
		7D7842622AB1F663005604F2 /* ProfileService.swift */ = {isa = PBXFileReference; lastKnownFileType = sourcecode.swift; path = ProfileService.swift; sourceTree = "<group>"; };
		7D7AB9A02A9215DB00F02613 /* HomeViewModel.swift */ = {isa = PBXFileReference; lastKnownFileType = sourcecode.swift; path = HomeViewModel.swift; sourceTree = "<group>"; };
		7D7AB9AE2A923A1600F02613 /* NetworkManager.swift */ = {isa = PBXFileReference; lastKnownFileType = sourcecode.swift; path = NetworkManager.swift; sourceTree = "<group>"; };
		7D7AB9B02A923A5F00F02613 /* NetworkUtils.swift */ = {isa = PBXFileReference; lastKnownFileType = sourcecode.swift; path = NetworkUtils.swift; sourceTree = "<group>"; };
		7D7AB9BC2A92450A00F02613 /* ResultType.swift */ = {isa = PBXFileReference; lastKnownFileType = sourcecode.swift; path = ResultType.swift; sourceTree = "<group>"; };
		7D7AB9BE2A9250A900F02613 /* RequestType.swift */ = {isa = PBXFileReference; lastKnownFileType = sourcecode.swift; path = RequestType.swift; sourceTree = "<group>"; };
		7D7AB9C02A9267D100F02613 /* HomePageService.swift */ = {isa = PBXFileReference; lastKnownFileType = sourcecode.swift; path = HomePageService.swift; sourceTree = "<group>"; };
		7D7D54342AAA0089002EF101 /* MessageUIView.swift */ = {isa = PBXFileReference; lastKnownFileType = sourcecode.swift; path = MessageUIView.swift; sourceTree = "<group>"; };
		7DA6590B2A9CA9E00067E9E6 /* ArtistDetailViewModel.swift */ = {isa = PBXFileReference; lastKnownFileType = sourcecode.swift; path = ArtistDetailViewModel.swift; sourceTree = "<group>"; };
		7DA6590D2A9CB0C50067E9E6 /* Comment.swift */ = {isa = PBXFileReference; lastKnownFileType = sourcecode.swift; path = Comment.swift; sourceTree = "<group>"; };
		7DA6590F2A9CDDB70067E9E6 /* ArtistDetilService.swift */ = {isa = PBXFileReference; lastKnownFileType = sourcecode.swift; path = ArtistDetilService.swift; sourceTree = "<group>"; };
		7DA659112A9CDE700067E9E6 /* ArtistDetail.swift */ = {isa = PBXFileReference; lastKnownFileType = sourcecode.swift; path = ArtistDetail.swift; sourceTree = "<group>"; };
		7DA993232A6AC0C20053B022 /* SalonApp.app */ = {isa = PBXFileReference; explicitFileType = wrapper.application; includeInIndex = 0; path = SalonApp.app; sourceTree = BUILT_PRODUCTS_DIR; };
		7DA993262A6AC0C20053B022 /* AppDelegate.swift */ = {isa = PBXFileReference; lastKnownFileType = sourcecode.swift; path = AppDelegate.swift; sourceTree = "<group>"; };
		7DA993282A6AC0C20053B022 /* SceneDelegate.swift */ = {isa = PBXFileReference; lastKnownFileType = sourcecode.swift; path = SceneDelegate.swift; sourceTree = "<group>"; };
		7DA9932A2A6AC0C20053B022 /* HomeViewController.swift */ = {isa = PBXFileReference; lastKnownFileType = sourcecode.swift; path = HomeViewController.swift; sourceTree = "<group>"; };
		7DA9932F2A6AC0C30053B022 /* Assets.xcassets */ = {isa = PBXFileReference; lastKnownFileType = folder.assetcatalog; path = Assets.xcassets; sourceTree = "<group>"; };
		7DA993322A6AC0C30053B022 /* Base */ = {isa = PBXFileReference; lastKnownFileType = file.storyboard; name = Base; path = Base.lproj/LaunchScreen.storyboard; sourceTree = "<group>"; };
		7DA993342A6AC0C30053B022 /* Info.plist */ = {isa = PBXFileReference; lastKnownFileType = text.plist.xml; path = Info.plist; sourceTree = "<group>"; };
		7DA993392A6AC0C30053B022 /* SalonAppTests.xctest */ = {isa = PBXFileReference; explicitFileType = wrapper.cfbundle; includeInIndex = 0; path = SalonAppTests.xctest; sourceTree = BUILT_PRODUCTS_DIR; };
		7DA9933D2A6AC0C30053B022 /* SalonAppTests.swift */ = {isa = PBXFileReference; lastKnownFileType = sourcecode.swift; path = SalonAppTests.swift; sourceTree = "<group>"; };
		7DA993432A6AC0C30053B022 /* SalonAppUITests.xctest */ = {isa = PBXFileReference; explicitFileType = wrapper.cfbundle; includeInIndex = 0; path = SalonAppUITests.xctest; sourceTree = BUILT_PRODUCTS_DIR; };
		7DA993472A6AC0C30053B022 /* SalonAppUITests.swift */ = {isa = PBXFileReference; lastKnownFileType = sourcecode.swift; path = SalonAppUITests.swift; sourceTree = "<group>"; };
		7DA993492A6AC0C30053B022 /* SalonAppUITestsLaunchTests.swift */ = {isa = PBXFileReference; lastKnownFileType = sourcecode.swift; path = SalonAppUITestsLaunchTests.swift; sourceTree = "<group>"; };
		7DA993582A6ACD980053B022 /* MainTabbarViewController.swift */ = {isa = PBXFileReference; lastKnownFileType = sourcecode.swift; path = MainTabbarViewController.swift; sourceTree = "<group>"; };
		7DA9935B2A6ACE860053B022 /* HomeHeaderView.swift */ = {isa = PBXFileReference; lastKnownFileType = sourcecode.swift; path = HomeHeaderView.swift; sourceTree = "<group>"; };
		7DADAE4A2A7544C40040BCDC /* LoginViewController.swift */ = {isa = PBXFileReference; lastKnownFileType = sourcecode.swift; path = LoginViewController.swift; sourceTree = "<group>"; };
		7DADAE4C2A7544D30040BCDC /* RegisterViewController.swift */ = {isa = PBXFileReference; lastKnownFileType = sourcecode.swift; path = RegisterViewController.swift; sourceTree = "<group>"; };
		7DB752FA2AA0B60600DD6548 /* BaseViewControllerProtocol.swift */ = {isa = PBXFileReference; lastKnownFileType = sourcecode.swift; path = BaseViewControllerProtocol.swift; sourceTree = "<group>"; };
		7DB780F02AA8D4F700A81572 /* MockSearchService.swift */ = {isa = PBXFileReference; lastKnownFileType = sourcecode.swift; path = MockSearchService.swift; sourceTree = "<group>"; };
		7DB780F22AA8D5D000A81572 /* MockSearchViewController.swift */ = {isa = PBXFileReference; lastKnownFileType = sourcecode.swift; path = MockSearchViewController.swift; sourceTree = "<group>"; };
		7DB780F42AA8E03700A81572 /* SearchViewModelTest.swift */ = {isa = PBXFileReference; lastKnownFileType = sourcecode.swift; path = SearchViewModelTest.swift; sourceTree = "<group>"; };
		7DC001882AAE098A001BD024 /* UserInfo.xcdatamodel */ = {isa = PBXFileReference; lastKnownFileType = wrapper.xcdatamodel; path = UserInfo.xcdatamodel; sourceTree = "<group>"; };
		7DC0018E2AAE21F8001BD024 /* ProfileViewModel.swift */ = {isa = PBXFileReference; lastKnownFileType = sourcecode.swift; path = ProfileViewModel.swift; sourceTree = "<group>"; };
		7DC001902AAE3130001BD024 /* RegisterViewModel.swift */ = {isa = PBXFileReference; lastKnownFileType = sourcecode.swift; path = RegisterViewModel.swift; sourceTree = "<group>"; };
		7DC001922AAE356F001BD024 /* LoginViewModel.swift */ = {isa = PBXFileReference; lastKnownFileType = sourcecode.swift; path = LoginViewModel.swift; sourceTree = "<group>"; };
		7DC1B3A42AABA2F0008C3912 /* BookMarkListViewModel.swift */ = {isa = PBXFileReference; lastKnownFileType = sourcecode.swift; path = BookMarkListViewModel.swift; sourceTree = "<group>"; };
		7DC1B3A62AABA612008C3912 /* BookMarkListService.swift */ = {isa = PBXFileReference; lastKnownFileType = sourcecode.swift; path = BookMarkListService.swift; sourceTree = "<group>"; };
		7DC1B3AA2AABD1D9008C3912 /* BookMarkListArtist.swift */ = {isa = PBXFileReference; lastKnownFileType = sourcecode.swift; path = BookMarkListArtist.swift; sourceTree = "<group>"; };
		7DD2BCF92A97591600FBE183 /* Artist.swift */ = {isa = PBXFileReference; lastKnownFileType = sourcecode.swift; path = Artist.swift; sourceTree = "<group>"; };
		7DD3F0D32A6FDFF50018D0C4 /* SearchViewController.swift */ = {isa = PBXFileReference; lastKnownFileType = sourcecode.swift; path = SearchViewController.swift; sourceTree = "<group>"; };
		7DD3F0D52A6FE0B20018D0C4 /* SearchHeaderView.swift */ = {isa = PBXFileReference; lastKnownFileType = sourcecode.swift; path = SearchHeaderView.swift; sourceTree = "<group>"; };
		7DD3F0D72A6FEB4C0018D0C4 /* AllServiceCollectionViewCell.swift */ = {isa = PBXFileReference; lastKnownFileType = sourcecode.swift; path = AllServiceCollectionViewCell.swift; sourceTree = "<group>"; };
		7DE9A1882A824E7400A806E4 /* BookMarkViewController.swift */ = {isa = PBXFileReference; lastKnownFileType = sourcecode.swift; path = BookMarkViewController.swift; sourceTree = "<group>"; };
		7DE9A18A2A8281E900A806E4 /* ProfileViewController.swift */ = {isa = PBXFileReference; lastKnownFileType = sourcecode.swift; path = ProfileViewController.swift; sourceTree = "<group>"; };
		7DFCB5FE2A6E82DA00109CB5 /* CommentTableViewCell.swift */ = {isa = PBXFileReference; lastKnownFileType = sourcecode.swift; path = CommentTableViewCell.swift; sourceTree = "<group>"; };
/* End PBXFileReference section */

/* Begin PBXFrameworksBuildPhase section */
		7DA993202A6AC0C20053B022 /* Frameworks */ = {
			isa = PBXFrameworksBuildPhase;
			buildActionMask = 2147483647;
			files = (
				7D7AB9C42A929EF700F02613 /* Kingfisher in Frameworks */,
				7DA9935F2A6ACF030053B022 /* SnapKit in Frameworks */,
				7D7AB9B42A923BAF00F02613 /* Alamofire in Frameworks */,
			);
			runOnlyForDeploymentPostprocessing = 0;
		};
		7DA993362A6AC0C30053B022 /* Frameworks */ = {
			isa = PBXFrameworksBuildPhase;
			buildActionMask = 2147483647;
			files = (
			);
			runOnlyForDeploymentPostprocessing = 0;
		};
		7DA993402A6AC0C30053B022 /* Frameworks */ = {
			isa = PBXFrameworksBuildPhase;
			buildActionMask = 2147483647;
			files = (
			);
			runOnlyForDeploymentPostprocessing = 0;
		};
/* End PBXFrameworksBuildPhase section */

/* Begin PBXGroup section */
		7D0596EB2A7043270026FB87 /* tableView */ = {
			isa = PBXGroup;
			children = (
				7D50693A2A6D305E00EB053B /* ArtistTableViewCell.swift */,
			);
			path = tableView;
			sourceTree = "<group>";
		};
		7D0F9A742AB249ED00A51143 /* cell */ = {
			isa = PBXGroup;
			children = (
				7DD3F0D72A6FEB4C0018D0C4 /* AllServiceCollectionViewCell.swift */,
				7D47B3652AA4D53D00EC1CD5 /* ResultArtistCollectionViewCell.swift */,
			);
			path = cell;
			sourceTree = "<group>";
		};
		7D3DBABC2AA0E0B200C01A43 /* SearchView */ = {
			isa = PBXGroup;
			children = (
				7D3DBAC52AA3636200C01A43 /* Service.swift */,
				7D47B3672AA4E06D00EC1CD5 /* LayoutBuilder.swift */,
				7D0587302AA3C828001D0A5E /* SearchService.swift */,
				7DD3F0D32A6FDFF50018D0C4 /* SearchViewController.swift */,
				7D3DBABD2AA0E0CC00C01A43 /* SearchViewModel.swift */,
				7D0F9A742AB249ED00A51143 /* cell */,
			);
			path = SearchView;
			sourceTree = "<group>";
		};
		7D5069382A6D302E00EB053B /* cell */ = {
			isa = PBXGroup;
			children = (
				7D0596EB2A7043270026FB87 /* tableView */,
			);
			path = cell;
			sourceTree = "<group>";
		};
		7D5069392A6D303800EB053B /* UIView */ = {
			isa = PBXGroup;
			children = (
				7DA9935B2A6ACE860053B022 /* HomeHeaderView.swift */,
				7DD3F0D52A6FE0B20018D0C4 /* SearchHeaderView.swift */,
				7D0596EE2A705D970026FB87 /* SearchCellHeader.swift */,
				7D39AE182A73EC25009791C8 /* ChatTextView.swift */,
				7D7D54342AAA0089002EF101 /* MessageUIView.swift */,
			);
			path = UIView;
			sourceTree = "<group>";
		};
		7D50693C2A6D7C1900EB053B /* General */ = {
			isa = PBXGroup;
			children = (
				7D3DBABC2AA0E0B200C01A43 /* SearchView */,
				7DA6590A2A9CA9C90067E9E6 /* ArtistDetail */,
			);
			path = General;
			sourceTree = "<group>";
		};
		7D5B24332AAF495200602094 /* Extension */ = {
			isa = PBXGroup;
			children = (
				7D5B24342AAF496900602094 /* UITextField+Extension.swift */,
				7D0F9A712AB23BA600A51143 /* String+Extension.swift */,
			);
			path = Extension;
			sourceTree = "<group>";
		};
		7D5B24362AAF68D000602094 /* Login */ = {
			isa = PBXGroup;
			children = (
				7DADAE4A2A7544C40040BCDC /* LoginViewController.swift */,
				7DC001922AAE356F001BD024 /* LoginViewModel.swift */,
				7D5B24382AAF6AE000602094 /* User.swift */,
				7D5B243A2AAF6B9A00602094 /* LoginService.swift */,
			);
			path = Login;
			sourceTree = "<group>";
		};
		7D5B24372AAF6ACF00602094 /* Register */ = {
			isa = PBXGroup;
			children = (
				7DADAE4C2A7544D30040BCDC /* RegisterViewController.swift */,
				7DC001902AAE3130001BD024 /* RegisterViewModel.swift */,
				7D5B243C2AAF97E800602094 /* RegisterService.swift */,
			);
			path = Register;
			sourceTree = "<group>";
		};
		7D63F4352A9D200A00A7799B /* Home */ = {
			isa = PBXGroup;
			children = (
				7D1A10522A93773100A48C48 /* HomeViewModelTest.swift */,
				7D1A10542A937B5500A48C48 /* MockHomeViewController.swift */,
				7D1A10562A93849200A48C48 /* MockHomePageService.swift */,
			);
			path = Home;
			sourceTree = "<group>";
		};
		7D63F4362A9D201700A7799B /* ArtistDetail */ = {
			isa = PBXGroup;
			children = (
				7D63F4372A9D203F00A7799B /* ArtistDetailTest.swift */,
				7D63F4392A9D209D00A7799B /* MockArtistDetailService.swift */,
				7D63F43B2A9D257200A7799B /* MockArtistDetailViewController.swift */,
			);
			path = ArtistDetail;
			sourceTree = "<group>";
		};
		7D7AB99F2A9215C900F02613 /* Home */ = {
			isa = PBXGroup;
			children = (
				7D7AB9C02A9267D100F02613 /* HomePageService.swift */,
				7DD2BCF92A97591600FBE183 /* Artist.swift */,
				7DA9932A2A6AC0C20053B022 /* HomeViewController.swift */,
				7D7AB9A02A9215DB00F02613 /* HomeViewModel.swift */,
			);
			path = Home;
			sourceTree = "<group>";
		};
		7D7AB9AD2A9238EB00F02613 /* Manager */ = {
			isa = PBXGroup;
			children = (
				7D7AB9AE2A923A1600F02613 /* NetworkManager.swift */,
				7D7AB9B02A923A5F00F02613 /* NetworkUtils.swift */,
				7D7AB9BC2A92450A00F02613 /* ResultType.swift */,
				7D7AB9BE2A9250A900F02613 /* RequestType.swift */,
			);
			path = Manager;
			sourceTree = "<group>";
		};
		7D94211B2AACE77E00937206 /* model */ = {
			isa = PBXGroup;
			children = (
				7DA6590D2A9CB0C50067E9E6 /* Comment.swift */,
				7DA659112A9CDE700067E9E6 /* ArtistDetail.swift */,
			);
			path = model;
			sourceTree = "<group>";
		};
		7DA659072A9CA9920067E9E6 /* BaseViewControllerProtocols */ = {
			isa = PBXGroup;
			children = (
				7DB752FA2AA0B60600DD6548 /* BaseViewControllerProtocol.swift */,
			);
			path = BaseViewControllerProtocols;
			sourceTree = "<group>";
		};
		7DA6590A2A9CA9C90067E9E6 /* ArtistDetail */ = {
			isa = PBXGroup;
			children = (
				7D94211B2AACE77E00937206 /* model */,
				7D50693F2A6D7CD600EB053B /* ArtistDetailView.swift */,
				7D50693D2A6D7C3B00EB053B /* ArtistDetailViewController.swift */,
				7DA6590B2A9CA9E00067E9E6 /* ArtistDetailViewModel.swift */,
				7DFCB5FE2A6E82DA00109CB5 /* CommentTableViewCell.swift */,
				7DA6590F2A9CDDB70067E9E6 /* ArtistDetilService.swift */,
			);
			path = ArtistDetail;
			sourceTree = "<group>";
		};
		7DA9931A2A6AC0C20053B022 = {
			isa = PBXGroup;
			children = (
				7DA993252A6AC0C20053B022 /* SalonApp */,
				7DA9933C2A6AC0C30053B022 /* SalonAppTests */,
				7DA993462A6AC0C30053B022 /* SalonAppUITests */,
				7DA993242A6AC0C20053B022 /* Products */,
			);
			sourceTree = "<group>";
		};
		7DA993242A6AC0C20053B022 /* Products */ = {
			isa = PBXGroup;
			children = (
				7DA993232A6AC0C20053B022 /* SalonApp.app */,
				7DA993392A6AC0C30053B022 /* SalonAppTests.xctest */,
				7DA993432A6AC0C30053B022 /* SalonAppUITests.xctest */,
			);
			name = Products;
			sourceTree = "<group>";
		};
		7DA993252A6AC0C20053B022 /* SalonApp */ = {
			isa = PBXGroup;
			children = (
				7D5B24332AAF495200602094 /* Extension */,
				7DA659072A9CA9920067E9E6 /* BaseViewControllerProtocols */,
				7D7AB9AD2A9238EB00F02613 /* Manager */,
				7DA993572A6ACD780053B022 /* Controllers */,
				7DA993562A6ACD620053B022 /* Views */,
				7DA993262A6AC0C20053B022 /* AppDelegate.swift */,
				7DA993282A6AC0C20053B022 /* SceneDelegate.swift */,
				7DA9932F2A6AC0C30053B022 /* Assets.xcassets */,
				7DA993312A6AC0C30053B022 /* LaunchScreen.storyboard */,
				7DA993342A6AC0C30053B022 /* Info.plist */,
				7DC001872AAE098A001BD024 /* UserInfo.xcdatamodeld */,
			);
			path = SalonApp;
			sourceTree = "<group>";
		};
		7DA9933C2A6AC0C30053B022 /* SalonAppTests */ = {
			isa = PBXGroup;
			children = (
				7DF1D54A2AB3613700E205B8 /* Cors */,
				7DF1D5492AB3612300E205B8 /* Generel */,
				7DF1D5462AB3610000E205B8 /* Onboarding */,
				7DA9933D2A6AC0C30053B022 /* SalonAppTests.swift */,
			);
			path = SalonAppTests;
			sourceTree = "<group>";
		};
		7DA993462A6AC0C30053B022 /* SalonAppUITests */ = {
			isa = PBXGroup;
			children = (
				7DA993472A6AC0C30053B022 /* SalonAppUITests.swift */,
				7DA993492A6AC0C30053B022 /* SalonAppUITestsLaunchTests.swift */,
			);
			path = SalonAppUITests;
			sourceTree = "<group>";
		};
		7DA993562A6ACD620053B022 /* Views */ = {
			isa = PBXGroup;
			children = (
				7D5069392A6D303800EB053B /* UIView */,
				7D5069382A6D302E00EB053B /* cell */,
			);
			path = Views;
			sourceTree = "<group>";
		};
		7DA993572A6ACD780053B022 /* Controllers */ = {
			isa = PBXGroup;
			children = (
				7DADAE472A753F2F0040BCDC /* Onboarding */,
				7DA9935A2A6ACD9B0053B022 /* Cors */,
				7D50693C2A6D7C1900EB053B /* General */,
			);
			path = Controllers;
			sourceTree = "<group>";
		};
		7DA9935A2A6ACD9B0053B022 /* Cors */ = {
			isa = PBXGroup;
			children = (
				7DA993582A6ACD980053B022 /* MainTabbarViewController.swift */,
				7D7AB99F2A9215C900F02613 /* Home */,
				7DC1B3A32AABA25B008C3912 /* BookMarkList */,
				7DC0018D2AAE21CD001BD024 /* Profile */,
			);
			path = Cors;
			sourceTree = "<group>";
		};
		7DADAE472A753F2F0040BCDC /* Onboarding */ = {
			isa = PBXGroup;
			children = (
				7D5B24372AAF6ACF00602094 /* Register */,
				7D5B24362AAF68D000602094 /* Login */,
			);
			path = Onboarding;
			sourceTree = "<group>";
		};
		7DB780EF2AA8D4DA00A81572 /* Search */ = {
			isa = PBXGroup;
			children = (
				7DB780F02AA8D4F700A81572 /* MockSearchService.swift */,
				7DB780F22AA8D5D000A81572 /* MockSearchViewController.swift */,
				7DB780F42AA8E03700A81572 /* SearchViewModelTest.swift */,
			);
			path = Search;
			sourceTree = "<group>";
		};
		7DC0018D2AAE21CD001BD024 /* Profile */ = {
			isa = PBXGroup;
			children = (
				7DE9A18A2A8281E900A806E4 /* ProfileViewController.swift */,
				7DC0018E2AAE21F8001BD024 /* ProfileViewModel.swift */,
				7D7842622AB1F663005604F2 /* ProfileService.swift */,
			);
			path = Profile;
			sourceTree = "<group>";
		};
		7DC1B3A32AABA25B008C3912 /* BookMarkList */ = {
			isa = PBXGroup;
			children = (
				7DE9A1882A824E7400A806E4 /* BookMarkViewController.swift */,
				7DC1B3A42AABA2F0008C3912 /* BookMarkListViewModel.swift */,
				7DC1B3A62AABA612008C3912 /* BookMarkListService.swift */,
				7DC1B3AA2AABD1D9008C3912 /* BookMarkListArtist.swift */,
			);
			path = BookMarkList;
			sourceTree = "<group>";
		};
		7DF1D5442AB360E700E205B8 /* Profil */ = {
			isa = PBXGroup;
			children = (
			);
			path = Profil;
			sourceTree = "<group>";
		};
		7DF1D5452AB360F000E205B8 /* BookMarkList */ = {
			isa = PBXGroup;
			children = (
			);
			path = BookMarkList;
			sourceTree = "<group>";
		};
		7DF1D5462AB3610000E205B8 /* Onboarding */ = {
			isa = PBXGroup;
			children = (
				7DF1D5482AB3611300E205B8 /* Login */,
				7DF1D5472AB3610B00E205B8 /* Register */,
			);
			path = Onboarding;
			sourceTree = "<group>";
		};
		7DF1D5472AB3610B00E205B8 /* Register */ = {
			isa = PBXGroup;
			children = (
			);
			path = Register;
			sourceTree = "<group>";
		};
		7DF1D5482AB3611300E205B8 /* Login */ = {
			isa = PBXGroup;
			children = (
			);
			path = Login;
			sourceTree = "<group>";
		};
		7DF1D5492AB3612300E205B8 /* Generel */ = {
			isa = PBXGroup;
			children = (
				7DB780EF2AA8D4DA00A81572 /* Search */,
				7D63F4362A9D201700A7799B /* ArtistDetail */,
			);
			path = Generel;
			sourceTree = "<group>";
		};
		7DF1D54A2AB3613700E205B8 /* Cors */ = {
			isa = PBXGroup;
			children = (
				7DF1D5452AB360F000E205B8 /* BookMarkList */,
				7DF1D5442AB360E700E205B8 /* Profil */,
				7D63F4352A9D200A00A7799B /* Home */,
			);
			path = Cors;
			sourceTree = "<group>";
		};
/* End PBXGroup section */

/* Begin PBXNativeTarget section */
		7DA993222A6AC0C20053B022 /* SalonApp */ = {
			isa = PBXNativeTarget;
			buildConfigurationList = 7DA9934D2A6AC0C30053B022 /* Build configuration list for PBXNativeTarget "SalonApp" */;
			buildPhases = (
				7DA9931F2A6AC0C20053B022 /* Sources */,
				7DA993202A6AC0C20053B022 /* Frameworks */,
				7DA993212A6AC0C20053B022 /* Resources */,
			);
			buildRules = (
			);
			dependencies = (
			);
			name = SalonApp;
			packageProductDependencies = (
				7DA9935E2A6ACF030053B022 /* SnapKit */,
				7D7AB9B32A923BAF00F02613 /* Alamofire */,
				7D7AB9C32A929EF700F02613 /* Kingfisher */,
			);
			productName = SalonApp;
			productReference = 7DA993232A6AC0C20053B022 /* SalonApp.app */;
			productType = "com.apple.product-type.application";
		};
		7DA993382A6AC0C30053B022 /* SalonAppTests */ = {
			isa = PBXNativeTarget;
			buildConfigurationList = 7DA993502A6AC0C30053B022 /* Build configuration list for PBXNativeTarget "SalonAppTests" */;
			buildPhases = (
				7DA993352A6AC0C30053B022 /* Sources */,
				7DA993362A6AC0C30053B022 /* Frameworks */,
				7DA993372A6AC0C30053B022 /* Resources */,
			);
			buildRules = (
			);
			dependencies = (
				7DA9933B2A6AC0C30053B022 /* PBXTargetDependency */,
			);
			name = SalonAppTests;
			productName = SalonAppTests;
			productReference = 7DA993392A6AC0C30053B022 /* SalonAppTests.xctest */;
			productType = "com.apple.product-type.bundle.unit-test";
		};
		7DA993422A6AC0C30053B022 /* SalonAppUITests */ = {
			isa = PBXNativeTarget;
			buildConfigurationList = 7DA993532A6AC0C30053B022 /* Build configuration list for PBXNativeTarget "SalonAppUITests" */;
			buildPhases = (
				7DA9933F2A6AC0C30053B022 /* Sources */,
				7DA993402A6AC0C30053B022 /* Frameworks */,
				7DA993412A6AC0C30053B022 /* Resources */,
			);
			buildRules = (
			);
			dependencies = (
				7DA993452A6AC0C30053B022 /* PBXTargetDependency */,
			);
			name = SalonAppUITests;
			productName = SalonAppUITests;
			productReference = 7DA993432A6AC0C30053B022 /* SalonAppUITests.xctest */;
			productType = "com.apple.product-type.bundle.ui-testing";
		};
/* End PBXNativeTarget section */

/* Begin PBXProject section */
		7DA9931B2A6AC0C20053B022 /* Project object */ = {
			isa = PBXProject;
			attributes = {
				BuildIndependentTargetsInParallel = 1;
				LastSwiftUpdateCheck = 1430;
				LastUpgradeCheck = 1430;
				TargetAttributes = {
					7DA993222A6AC0C20053B022 = {
						CreatedOnToolsVersion = 14.3.1;
					};
					7DA993382A6AC0C30053B022 = {
						CreatedOnToolsVersion = 14.3.1;
						TestTargetID = 7DA993222A6AC0C20053B022;
					};
					7DA993422A6AC0C30053B022 = {
						CreatedOnToolsVersion = 14.3.1;
						TestTargetID = 7DA993222A6AC0C20053B022;
					};
				};
			};
			buildConfigurationList = 7DA9931E2A6AC0C20053B022 /* Build configuration list for PBXProject "SalonApp" */;
			compatibilityVersion = "Xcode 14.0";
			developmentRegion = en;
			hasScannedForEncodings = 0;
			knownRegions = (
				en,
				Base,
			);
			mainGroup = 7DA9931A2A6AC0C20053B022;
			packageReferences = (
				7DA9935D2A6ACF030053B022 /* XCRemoteSwiftPackageReference "SnapKit" */,
				7D7AB9B22A923BAF00F02613 /* XCRemoteSwiftPackageReference "Alamofire" */,
				7D7AB9C22A929EF700F02613 /* XCRemoteSwiftPackageReference "Kingfisher" */,
			);
			productRefGroup = 7DA993242A6AC0C20053B022 /* Products */;
			projectDirPath = "";
			projectRoot = "";
			targets = (
				7DA993222A6AC0C20053B022 /* SalonApp */,
				7DA993382A6AC0C30053B022 /* SalonAppTests */,
				7DA993422A6AC0C30053B022 /* SalonAppUITests */,
			);
		};
/* End PBXProject section */

/* Begin PBXResourcesBuildPhase section */
		7DA993212A6AC0C20053B022 /* Resources */ = {
			isa = PBXResourcesBuildPhase;
			buildActionMask = 2147483647;
			files = (
				7DA993332A6AC0C30053B022 /* LaunchScreen.storyboard in Resources */,
				7DA993302A6AC0C30053B022 /* Assets.xcassets in Resources */,
			);
			runOnlyForDeploymentPostprocessing = 0;
		};
		7DA993372A6AC0C30053B022 /* Resources */ = {
			isa = PBXResourcesBuildPhase;
			buildActionMask = 2147483647;
			files = (
			);
			runOnlyForDeploymentPostprocessing = 0;
		};
		7DA993412A6AC0C30053B022 /* Resources */ = {
			isa = PBXResourcesBuildPhase;
			buildActionMask = 2147483647;
			files = (
			);
			runOnlyForDeploymentPostprocessing = 0;
		};
/* End PBXResourcesBuildPhase section */

/* Begin PBXSourcesBuildPhase section */
		7DA9931F2A6AC0C20053B022 /* Sources */ = {
			isa = PBXSourcesBuildPhase;
			buildActionMask = 2147483647;
			files = (
				7DADAE4D2A7544D30040BCDC /* RegisterViewController.swift in Sources */,
				7D7AB9BF2A9250A900F02613 /* RequestType.swift in Sources */,
				7DFCB5FF2A6E82DA00109CB5 /* CommentTableViewCell.swift in Sources */,
				7D0596EF2A705D970026FB87 /* SearchCellHeader.swift in Sources */,
				7D5B24352AAF496900602094 /* UITextField+Extension.swift in Sources */,
				7DC001892AAE098A001BD024 /* UserInfo.xcdatamodeld in Sources */,
				7D7AB9A12A9215DB00F02613 /* HomeViewModel.swift in Sources */,
				7DA6590C2A9CA9E00067E9E6 /* ArtistDetailViewModel.swift in Sources */,
				7DA6590E2A9CB0C50067E9E6 /* Comment.swift in Sources */,
				7DC1B3A72AABA612008C3912 /* BookMarkListService.swift in Sources */,
				7D50693E2A6D7C3B00EB053B /* ArtistDetailViewController.swift in Sources */,
				7DA9932B2A6AC0C20053B022 /* HomeViewController.swift in Sources */,
				7D50693B2A6D305E00EB053B /* ArtistTableViewCell.swift in Sources */,
				7DA659102A9CDDB70067E9E6 /* ArtistDetilService.swift in Sources */,
				7D7AB9C12A9267D100F02613 /* HomePageService.swift in Sources */,
				7D5B24392AAF6AE000602094 /* User.swift in Sources */,
				7D7AB9AF2A923A1600F02613 /* NetworkManager.swift in Sources */,
				7D7AB9B12A923A5F00F02613 /* NetworkUtils.swift in Sources */,
				7D47B3682AA4E06D00EC1CD5 /* LayoutBuilder.swift in Sources */,
				7D5069402A6D7CD600EB053B /* ArtistDetailView.swift in Sources */,
				7DD3F0D62A6FE0B20018D0C4 /* SearchHeaderView.swift in Sources */,
				7D0587312AA3C828001D0A5E /* SearchService.swift in Sources */,
				7DE9A18B2A8281E900A806E4 /* ProfileViewController.swift in Sources */,
				7D3DBABE2AA0E0CC00C01A43 /* SearchViewModel.swift in Sources */,
				7DD2BCFA2A97591600FBE183 /* Artist.swift in Sources */,
				7DA993592A6ACD980053B022 /* MainTabbarViewController.swift in Sources */,
				7D7842632AB1F663005604F2 /* ProfileService.swift in Sources */,
				7D5B243B2AAF6B9A00602094 /* LoginService.swift in Sources */,
				7DD3F0D42A6FDFF50018D0C4 /* SearchViewController.swift in Sources */,
				7DA659122A9CDE700067E9E6 /* ArtistDetail.swift in Sources */,
				7DC001932AAE356F001BD024 /* LoginViewModel.swift in Sources */,
				7D0F9A722AB23BA600A51143 /* String+Extension.swift in Sources */,
				7DC1B3A52AABA2F0008C3912 /* BookMarkListViewModel.swift in Sources */,
				7D7D54352AAA008A002EF101 /* MessageUIView.swift in Sources */,
				7DA993272A6AC0C20053B022 /* AppDelegate.swift in Sources */,
				7DA9935C2A6ACE860053B022 /* HomeHeaderView.swift in Sources */,
				7D7AB9BD2A92450A00F02613 /* ResultType.swift in Sources */,
				7D47B3662AA4D53D00EC1CD5 /* ResultArtistCollectionViewCell.swift in Sources */,
				7DC1B3AB2AABD1D9008C3912 /* BookMarkListArtist.swift in Sources */,
				7DD3F0D82A6FEB4C0018D0C4 /* AllServiceCollectionViewCell.swift in Sources */,
				7DC0018F2AAE21F8001BD024 /* ProfileViewModel.swift in Sources */,
				7DA993292A6AC0C20053B022 /* SceneDelegate.swift in Sources */,
				7D39AE192A73EC25009791C8 /* ChatTextView.swift in Sources */,
				7D5B243D2AAF97E800602094 /* RegisterService.swift in Sources */,
				7DE9A1892A824E7400A806E4 /* BookMarkViewController.swift in Sources */,
				7DADAE4B2A7544C40040BCDC /* LoginViewController.swift in Sources */,
				7DB752FB2AA0B60600DD6548 /* BaseViewControllerProtocol.swift in Sources */,
				7D3DBAC62AA3636200C01A43 /* Service.swift in Sources */,
				7DC001912AAE3130001BD024 /* RegisterViewModel.swift in Sources */,
			);
			runOnlyForDeploymentPostprocessing = 0;
		};
		7DA993352A6AC0C30053B022 /* Sources */ = {
			isa = PBXSourcesBuildPhase;
			buildActionMask = 2147483647;
			files = (
				7DB780F52AA8E03700A81572 /* SearchViewModelTest.swift in Sources */,
				7D63F43C2A9D257200A7799B /* MockArtistDetailViewController.swift in Sources */,
				7D1A10552A937B5500A48C48 /* MockHomeViewController.swift in Sources */,
				7D63F4382A9D203F00A7799B /* ArtistDetailTest.swift in Sources */,
				7DB780F12AA8D4F700A81572 /* MockSearchService.swift in Sources */,
				7DB780F32AA8D5D000A81572 /* MockSearchViewController.swift in Sources */,
				7D1A10572A93849200A48C48 /* MockHomePageService.swift in Sources */,
				7DA9933E2A6AC0C30053B022 /* SalonAppTests.swift in Sources */,
				7D63F43A2A9D209D00A7799B /* MockArtistDetailService.swift in Sources */,
				7D1A10532A93773100A48C48 /* HomeViewModelTest.swift in Sources */,
			);
			runOnlyForDeploymentPostprocessing = 0;
		};
		7DA9933F2A6AC0C30053B022 /* Sources */ = {
			isa = PBXSourcesBuildPhase;
			buildActionMask = 2147483647;
			files = (
				7DA9934A2A6AC0C30053B022 /* SalonAppUITestsLaunchTests.swift in Sources */,
				7DA993482A6AC0C30053B022 /* SalonAppUITests.swift in Sources */,
			);
			runOnlyForDeploymentPostprocessing = 0;
		};
/* End PBXSourcesBuildPhase section */

/* Begin PBXTargetDependency section */
		7DA9933B2A6AC0C30053B022 /* PBXTargetDependency */ = {
			isa = PBXTargetDependency;
			target = 7DA993222A6AC0C20053B022 /* SalonApp */;
			targetProxy = 7DA9933A2A6AC0C30053B022 /* PBXContainerItemProxy */;
		};
		7DA993452A6AC0C30053B022 /* PBXTargetDependency */ = {
			isa = PBXTargetDependency;
			target = 7DA993222A6AC0C20053B022 /* SalonApp */;
			targetProxy = 7DA993442A6AC0C30053B022 /* PBXContainerItemProxy */;
		};
/* End PBXTargetDependency section */

/* Begin PBXVariantGroup section */
		7DA993312A6AC0C30053B022 /* LaunchScreen.storyboard */ = {
			isa = PBXVariantGroup;
			children = (
				7DA993322A6AC0C30053B022 /* Base */,
			);
			name = LaunchScreen.storyboard;
			sourceTree = "<group>";
		};
/* End PBXVariantGroup section */

/* Begin XCBuildConfiguration section */
		7DA9934B2A6AC0C30053B022 /* Debug */ = {
			isa = XCBuildConfiguration;
			buildSettings = {
				ALWAYS_SEARCH_USER_PATHS = NO;
				CLANG_ANALYZER_NONNULL = YES;
				CLANG_ANALYZER_NUMBER_OBJECT_CONVERSION = YES_AGGRESSIVE;
				CLANG_CXX_LANGUAGE_STANDARD = "gnu++20";
				CLANG_ENABLE_MODULES = YES;
				CLANG_ENABLE_OBJC_ARC = YES;
				CLANG_ENABLE_OBJC_WEAK = YES;
				CLANG_WARN_BLOCK_CAPTURE_AUTORELEASING = YES;
				CLANG_WARN_BOOL_CONVERSION = YES;
				CLANG_WARN_COMMA = YES;
				CLANG_WARN_CONSTANT_CONVERSION = YES;
				CLANG_WARN_DEPRECATED_OBJC_IMPLEMENTATIONS = YES;
				CLANG_WARN_DIRECT_OBJC_ISA_USAGE = YES_ERROR;
				CLANG_WARN_DOCUMENTATION_COMMENTS = YES;
				CLANG_WARN_EMPTY_BODY = YES;
				CLANG_WARN_ENUM_CONVERSION = YES;
				CLANG_WARN_INFINITE_RECURSION = YES;
				CLANG_WARN_INT_CONVERSION = YES;
				CLANG_WARN_NON_LITERAL_NULL_CONVERSION = YES;
				CLANG_WARN_OBJC_IMPLICIT_RETAIN_SELF = YES;
				CLANG_WARN_OBJC_LITERAL_CONVERSION = YES;
				CLANG_WARN_OBJC_ROOT_CLASS = YES_ERROR;
				CLANG_WARN_QUOTED_INCLUDE_IN_FRAMEWORK_HEADER = YES;
				CLANG_WARN_RANGE_LOOP_ANALYSIS = YES;
				CLANG_WARN_STRICT_PROTOTYPES = YES;
				CLANG_WARN_SUSPICIOUS_MOVE = YES;
				CLANG_WARN_UNGUARDED_AVAILABILITY = YES_AGGRESSIVE;
				CLANG_WARN_UNREACHABLE_CODE = YES;
				CLANG_WARN__DUPLICATE_METHOD_MATCH = YES;
				COPY_PHASE_STRIP = NO;
				DEBUG_INFORMATION_FORMAT = dwarf;
				ENABLE_STRICT_OBJC_MSGSEND = YES;
				ENABLE_TESTABILITY = YES;
				GCC_C_LANGUAGE_STANDARD = gnu11;
				GCC_DYNAMIC_NO_PIC = NO;
				GCC_NO_COMMON_BLOCKS = YES;
				GCC_OPTIMIZATION_LEVEL = 0;
				GCC_PREPROCESSOR_DEFINITIONS = (
					"DEBUG=1",
					"$(inherited)",
				);
				GCC_WARN_64_TO_32_BIT_CONVERSION = YES;
				GCC_WARN_ABOUT_RETURN_TYPE = YES_ERROR;
				GCC_WARN_UNDECLARED_SELECTOR = YES;
				GCC_WARN_UNINITIALIZED_AUTOS = YES_AGGRESSIVE;
				GCC_WARN_UNUSED_FUNCTION = YES;
				GCC_WARN_UNUSED_VARIABLE = YES;
				IPHONEOS_DEPLOYMENT_TARGET = 16.4;
				MTL_ENABLE_DEBUG_INFO = INCLUDE_SOURCE;
				MTL_FAST_MATH = YES;
				ONLY_ACTIVE_ARCH = YES;
				SDKROOT = iphoneos;
				SWIFT_ACTIVE_COMPILATION_CONDITIONS = DEBUG;
				SWIFT_OPTIMIZATION_LEVEL = "-Onone";
			};
			name = Debug;
		};
		7DA9934C2A6AC0C30053B022 /* Release */ = {
			isa = XCBuildConfiguration;
			buildSettings = {
				ALWAYS_SEARCH_USER_PATHS = NO;
				CLANG_ANALYZER_NONNULL = YES;
				CLANG_ANALYZER_NUMBER_OBJECT_CONVERSION = YES_AGGRESSIVE;
				CLANG_CXX_LANGUAGE_STANDARD = "gnu++20";
				CLANG_ENABLE_MODULES = YES;
				CLANG_ENABLE_OBJC_ARC = YES;
				CLANG_ENABLE_OBJC_WEAK = YES;
				CLANG_WARN_BLOCK_CAPTURE_AUTORELEASING = YES;
				CLANG_WARN_BOOL_CONVERSION = YES;
				CLANG_WARN_COMMA = YES;
				CLANG_WARN_CONSTANT_CONVERSION = YES;
				CLANG_WARN_DEPRECATED_OBJC_IMPLEMENTATIONS = YES;
				CLANG_WARN_DIRECT_OBJC_ISA_USAGE = YES_ERROR;
				CLANG_WARN_DOCUMENTATION_COMMENTS = YES;
				CLANG_WARN_EMPTY_BODY = YES;
				CLANG_WARN_ENUM_CONVERSION = YES;
				CLANG_WARN_INFINITE_RECURSION = YES;
				CLANG_WARN_INT_CONVERSION = YES;
				CLANG_WARN_NON_LITERAL_NULL_CONVERSION = YES;
				CLANG_WARN_OBJC_IMPLICIT_RETAIN_SELF = YES;
				CLANG_WARN_OBJC_LITERAL_CONVERSION = YES;
				CLANG_WARN_OBJC_ROOT_CLASS = YES_ERROR;
				CLANG_WARN_QUOTED_INCLUDE_IN_FRAMEWORK_HEADER = YES;
				CLANG_WARN_RANGE_LOOP_ANALYSIS = YES;
				CLANG_WARN_STRICT_PROTOTYPES = YES;
				CLANG_WARN_SUSPICIOUS_MOVE = YES;
				CLANG_WARN_UNGUARDED_AVAILABILITY = YES_AGGRESSIVE;
				CLANG_WARN_UNREACHABLE_CODE = YES;
				CLANG_WARN__DUPLICATE_METHOD_MATCH = YES;
				COPY_PHASE_STRIP = NO;
				DEBUG_INFORMATION_FORMAT = "dwarf-with-dsym";
				ENABLE_NS_ASSERTIONS = NO;
				ENABLE_STRICT_OBJC_MSGSEND = YES;
				GCC_C_LANGUAGE_STANDARD = gnu11;
				GCC_NO_COMMON_BLOCKS = YES;
				GCC_WARN_64_TO_32_BIT_CONVERSION = YES;
				GCC_WARN_ABOUT_RETURN_TYPE = YES_ERROR;
				GCC_WARN_UNDECLARED_SELECTOR = YES;
				GCC_WARN_UNINITIALIZED_AUTOS = YES_AGGRESSIVE;
				GCC_WARN_UNUSED_FUNCTION = YES;
				GCC_WARN_UNUSED_VARIABLE = YES;
				IPHONEOS_DEPLOYMENT_TARGET = 16.4;
				MTL_ENABLE_DEBUG_INFO = NO;
				MTL_FAST_MATH = YES;
				SDKROOT = iphoneos;
				SWIFT_COMPILATION_MODE = wholemodule;
				SWIFT_OPTIMIZATION_LEVEL = "-O";
				VALIDATE_PRODUCT = YES;
			};
			name = Release;
		};
		7DA9934E2A6AC0C30053B022 /* Debug */ = {
			isa = XCBuildConfiguration;
			buildSettings = {
				ASSETCATALOG_COMPILER_APPICON_NAME = AppIcon;
				ASSETCATALOG_COMPILER_GLOBAL_ACCENT_COLOR_NAME = AccentColor;
				CODE_SIGN_STYLE = Automatic;
				CURRENT_PROJECT_VERSION = 1;
				DEVELOPMENT_TEAM = 34G99QRS57;
				GENERATE_INFOPLIST_FILE = YES;
				INFOPLIST_FILE = SalonApp/Info.plist;
				INFOPLIST_KEY_UIApplicationSupportsIndirectInputEvents = YES;
				INFOPLIST_KEY_UILaunchStoryboardName = LaunchScreen;
				INFOPLIST_KEY_UISupportedInterfaceOrientations = UIInterfaceOrientationPortrait;
				LD_RUNPATH_SEARCH_PATHS = (
					"$(inherited)",
					"@executable_path/Frameworks",
				);
				MARKETING_VERSION = 1.0;
				PRODUCT_BUNDLE_IDENTIFIER = com.engingulek.SalonApp;
				PRODUCT_NAME = "$(TARGET_NAME)";
				SWIFT_EMIT_LOC_STRINGS = YES;
				SWIFT_VERSION = 5.0;
				TARGETED_DEVICE_FAMILY = "1,2";
			};
			name = Debug;
		};
		7DA9934F2A6AC0C30053B022 /* Release */ = {
			isa = XCBuildConfiguration;
			buildSettings = {
				ASSETCATALOG_COMPILER_APPICON_NAME = AppIcon;
				ASSETCATALOG_COMPILER_GLOBAL_ACCENT_COLOR_NAME = AccentColor;
				CODE_SIGN_STYLE = Automatic;
				CURRENT_PROJECT_VERSION = 1;
				DEVELOPMENT_TEAM = 34G99QRS57;
				GENERATE_INFOPLIST_FILE = YES;
				INFOPLIST_FILE = SalonApp/Info.plist;
				INFOPLIST_KEY_UIApplicationSupportsIndirectInputEvents = YES;
				INFOPLIST_KEY_UILaunchStoryboardName = LaunchScreen;
				INFOPLIST_KEY_UISupportedInterfaceOrientations = UIInterfaceOrientationPortrait;
				LD_RUNPATH_SEARCH_PATHS = (
					"$(inherited)",
					"@executable_path/Frameworks",
				);
				MARKETING_VERSION = 1.0;
				PRODUCT_BUNDLE_IDENTIFIER = com.engingulek.SalonApp;
				PRODUCT_NAME = "$(TARGET_NAME)";
				SWIFT_EMIT_LOC_STRINGS = YES;
				SWIFT_VERSION = 5.0;
				TARGETED_DEVICE_FAMILY = "1,2";
			};
			name = Release;
		};
		7DA993512A6AC0C30053B022 /* Debug */ = {
			isa = XCBuildConfiguration;
			buildSettings = {
				ALWAYS_EMBED_SWIFT_STANDARD_LIBRARIES = YES;
				BUNDLE_LOADER = "$(TEST_HOST)";
				CODE_SIGN_STYLE = Automatic;
				CURRENT_PROJECT_VERSION = 1;
				DEVELOPMENT_TEAM = 34G99QRS57;
				GENERATE_INFOPLIST_FILE = YES;
				IPHONEOS_DEPLOYMENT_TARGET = 16.4;
				MARKETING_VERSION = 1.0;
				PRODUCT_BUNDLE_IDENTIFIER = com.engingulek.SalonAppTests;
				PRODUCT_NAME = "$(TARGET_NAME)";
				SWIFT_EMIT_LOC_STRINGS = NO;
				SWIFT_VERSION = 5.0;
				TARGETED_DEVICE_FAMILY = "1,2";
				TEST_HOST = "$(BUILT_PRODUCTS_DIR)/SalonApp.app/$(BUNDLE_EXECUTABLE_FOLDER_PATH)/SalonApp";
			};
			name = Debug;
		};
		7DA993522A6AC0C30053B022 /* Release */ = {
			isa = XCBuildConfiguration;
			buildSettings = {
				ALWAYS_EMBED_SWIFT_STANDARD_LIBRARIES = YES;
				BUNDLE_LOADER = "$(TEST_HOST)";
				CODE_SIGN_STYLE = Automatic;
				CURRENT_PROJECT_VERSION = 1;
				DEVELOPMENT_TEAM = 34G99QRS57;
				GENERATE_INFOPLIST_FILE = YES;
				IPHONEOS_DEPLOYMENT_TARGET = 16.4;
				MARKETING_VERSION = 1.0;
				PRODUCT_BUNDLE_IDENTIFIER = com.engingulek.SalonAppTests;
				PRODUCT_NAME = "$(TARGET_NAME)";
				SWIFT_EMIT_LOC_STRINGS = NO;
				SWIFT_VERSION = 5.0;
				TARGETED_DEVICE_FAMILY = "1,2";
				TEST_HOST = "$(BUILT_PRODUCTS_DIR)/SalonApp.app/$(BUNDLE_EXECUTABLE_FOLDER_PATH)/SalonApp";
			};
			name = Release;
		};
		7DA993542A6AC0C30053B022 /* Debug */ = {
			isa = XCBuildConfiguration;
			buildSettings = {
				ALWAYS_EMBED_SWIFT_STANDARD_LIBRARIES = YES;
				CODE_SIGN_STYLE = Automatic;
				CURRENT_PROJECT_VERSION = 1;
				DEVELOPMENT_TEAM = 34G99QRS57;
				GENERATE_INFOPLIST_FILE = YES;
				MARKETING_VERSION = 1.0;
				PRODUCT_BUNDLE_IDENTIFIER = com.engingulek.SalonAppUITests;
				PRODUCT_NAME = "$(TARGET_NAME)";
				SWIFT_EMIT_LOC_STRINGS = NO;
				SWIFT_VERSION = 5.0;
				TARGETED_DEVICE_FAMILY = "1,2";
				TEST_TARGET_NAME = SalonApp;
			};
			name = Debug;
		};
		7DA993552A6AC0C30053B022 /* Release */ = {
			isa = XCBuildConfiguration;
			buildSettings = {
				ALWAYS_EMBED_SWIFT_STANDARD_LIBRARIES = YES;
				CODE_SIGN_STYLE = Automatic;
				CURRENT_PROJECT_VERSION = 1;
				DEVELOPMENT_TEAM = 34G99QRS57;
				GENERATE_INFOPLIST_FILE = YES;
				MARKETING_VERSION = 1.0;
				PRODUCT_BUNDLE_IDENTIFIER = com.engingulek.SalonAppUITests;
				PRODUCT_NAME = "$(TARGET_NAME)";
				SWIFT_EMIT_LOC_STRINGS = NO;
				SWIFT_VERSION = 5.0;
				TARGETED_DEVICE_FAMILY = "1,2";
				TEST_TARGET_NAME = SalonApp;
			};
			name = Release;
		};
/* End XCBuildConfiguration section */

/* Begin XCConfigurationList section */
		7DA9931E2A6AC0C20053B022 /* Build configuration list for PBXProject "SalonApp" */ = {
			isa = XCConfigurationList;
			buildConfigurations = (
				7DA9934B2A6AC0C30053B022 /* Debug */,
				7DA9934C2A6AC0C30053B022 /* Release */,
			);
			defaultConfigurationIsVisible = 0;
			defaultConfigurationName = Release;
		};
		7DA9934D2A6AC0C30053B022 /* Build configuration list for PBXNativeTarget "SalonApp" */ = {
			isa = XCConfigurationList;
			buildConfigurations = (
				7DA9934E2A6AC0C30053B022 /* Debug */,
				7DA9934F2A6AC0C30053B022 /* Release */,
			);
			defaultConfigurationIsVisible = 0;
			defaultConfigurationName = Release;
		};
		7DA993502A6AC0C30053B022 /* Build configuration list for PBXNativeTarget "SalonAppTests" */ = {
			isa = XCConfigurationList;
			buildConfigurations = (
				7DA993512A6AC0C30053B022 /* Debug */,
				7DA993522A6AC0C30053B022 /* Release */,
			);
			defaultConfigurationIsVisible = 0;
			defaultConfigurationName = Release;
		};
		7DA993532A6AC0C30053B022 /* Build configuration list for PBXNativeTarget "SalonAppUITests" */ = {
			isa = XCConfigurationList;
			buildConfigurations = (
				7DA993542A6AC0C30053B022 /* Debug */,
				7DA993552A6AC0C30053B022 /* Release */,
			);
			defaultConfigurationIsVisible = 0;
			defaultConfigurationName = Release;
		};
/* End XCConfigurationList section */

/* Begin XCRemoteSwiftPackageReference section */
		7D7AB9B22A923BAF00F02613 /* XCRemoteSwiftPackageReference "Alamofire" */ = {
			isa = XCRemoteSwiftPackageReference;
			repositoryURL = "https://github.com/Alamofire/Alamofire";
			requirement = {
				kind = upToNextMajorVersion;
				minimumVersion = 5.0.0;
			};
		};
		7D7AB9C22A929EF700F02613 /* XCRemoteSwiftPackageReference "Kingfisher" */ = {
			isa = XCRemoteSwiftPackageReference;
			repositoryURL = "https://github.com/onevcat/Kingfisher.git";
			requirement = {
				kind = upToNextMajorVersion;
				minimumVersion = 7.0.0;
			};
		};
		7DA9935D2A6ACF030053B022 /* XCRemoteSwiftPackageReference "SnapKit" */ = {
			isa = XCRemoteSwiftPackageReference;
			repositoryURL = "https://github.com/SnapKit/SnapKit.git";
			requirement = {
				kind = upToNextMajorVersion;
				minimumVersion = 5.0.0;
			};
		};
/* End XCRemoteSwiftPackageReference section */

/* Begin XCSwiftPackageProductDependency section */
		7D7AB9B32A923BAF00F02613 /* Alamofire */ = {
			isa = XCSwiftPackageProductDependency;
			package = 7D7AB9B22A923BAF00F02613 /* XCRemoteSwiftPackageReference "Alamofire" */;
			productName = Alamofire;
		};
		7D7AB9C32A929EF700F02613 /* Kingfisher */ = {
			isa = XCSwiftPackageProductDependency;
			package = 7D7AB9C22A929EF700F02613 /* XCRemoteSwiftPackageReference "Kingfisher" */;
			productName = Kingfisher;
		};
		7DA9935E2A6ACF030053B022 /* SnapKit */ = {
			isa = XCSwiftPackageProductDependency;
			package = 7DA9935D2A6ACF030053B022 /* XCRemoteSwiftPackageReference "SnapKit" */;
			productName = SnapKit;
		};
/* End XCSwiftPackageProductDependency section */

/* Begin XCVersionGroup section */
		7DC001872AAE098A001BD024 /* UserInfo.xcdatamodeld */ = {
			isa = XCVersionGroup;
			children = (
				7DC001882AAE098A001BD024 /* UserInfo.xcdatamodel */,
			);
			currentVersion = 7DC001882AAE098A001BD024 /* UserInfo.xcdatamodel */;
			path = UserInfo.xcdatamodeld;
			sourceTree = "<group>";
			versionGroupType = wrapper.xcdatamodel;
		};
/* End XCVersionGroup section */
	};
	rootObject = 7DA9931B2A6AC0C20053B022 /* Project object */;
}
